
Microsoft Visual Studio Solution File, Format Version 12.00
Project("{FAE04EC0-301F-11D3-BF4B-00C04F79EFBC}") = "KubernetesWorkshop.App1", "KubernetesWorkshop.App1\KubernetesWorkshop.App1.csproj", "{81A60671-EA07-425E-A5A9-3FAC0FC68018}"
EndProject
Project("{FAE04EC0-301F-11D3-BF4B-00C04F79EFBC}") = "KubernetesWorkshop.App2", "KubernetesWorkshop.App2\KubernetesWorkshop.App2.csproj", "{C2BC5539-FD17-4DE4-AB3F-4E9F06A524F2}"
EndProject
Global
	GlobalSection(SolutionConfigurationPlatforms) = preSolution
		Debug|Any CPU = Debug|Any CPU
		Release|Any CPU = Release|Any CPU
	EndGlobalSection
	GlobalSection(ProjectConfigurationPlatforms) = postSolution
		{81A60671-EA07-425E-A5A9-3FAC0FC68018}.Debug|Any CPU.ActiveCfg = Debug|Any CPU
		{81A60671-EA07-425E-A5A9-3FAC0FC68018}.Debug|Any CPU.Build.0 = Debug|Any CPU
		{81A60671-EA07-425E-A5A9-3FAC0FC68018}.Release|Any CPU.ActiveCfg = Release|Any CPU
		{81A60671-EA07-425E-A5A9-3FAC0FC68018}.Release|Any CPU.Build.0 = Release|Any CPU
		{C2BC5539-FD17-4DE4-AB3F-4E9F06A524F2}.Debug|Any CPU.ActiveCfg = Debug|Any CPU
		{C2BC5539-FD17-4DE4-AB3F-4E9F06A524F2}.Debug|Any CPU.Build.0 = Debug|Any CPU
		{C2BC5539-FD17-4DE4-AB3F-4E9F06A524F2}.Release|Any CPU.ActiveCfg = Release|Any CPU
		{C2BC5539-FD17-4DE4-AB3F-4E9F06A524F2}.Release|Any CPU.Build.0 = Release|Any CPU
	EndGlobalSection
EndGlobal
